// !$*UTF8*$!
{
	archiveVersion = 1;
	classes = {
	};
	objectVersion = 50;
	objects = {

/* Begin PBXBuildFile section */
		B50FDCE32587CDED005351A5 /* SignUpViewModelTests.swift in Sources */ = {isa = PBXBuildFile; fileRef = B50FDCE22587CDED005351A5 /* SignUpViewModelTests.swift */; };
		B50FDCEF2587CE25005351A5 /* CombineTestCase.swift in Sources */ = {isa = PBXBuildFile; fileRef = B50FDCEE2587CE25005351A5 /* CombineTestCase.swift */; };
		B55D9F39253F4D2100463CEA /* SignUpViewModel.swift in Sources */ = {isa = PBXBuildFile; fileRef = B55D9F38253F4D2100463CEA /* SignUpViewModel.swift */; };
		B57C45E424EDACF80025BF11 /* AppDelegate.swift in Sources */ = {isa = PBXBuildFile; fileRef = B57C45E324EDACF80025BF11 /* AppDelegate.swift */; };
		B57C45E624EDACF80025BF11 /* SceneDelegate.swift in Sources */ = {isa = PBXBuildFile; fileRef = B57C45E524EDACF80025BF11 /* SceneDelegate.swift */; };
		B57C45E824EDACF80025BF11 /* ViewController.swift in Sources */ = {isa = PBXBuildFile; fileRef = B57C45E724EDACF80025BF11 /* ViewController.swift */; };
		B57C45EB24EDACF80025BF11 /* Main.storyboard in Resources */ = {isa = PBXBuildFile; fileRef = B57C45E924EDACF80025BF11 /* Main.storyboard */; };
		B57C45EF24EDACFA0025BF11 /* Assets.xcassets in Resources */ = {isa = PBXBuildFile; fileRef = B57C45EE24EDACFA0025BF11 /* Assets.xcassets */; };
		B57C45F224EDACFA0025BF11 /* LaunchScreen.storyboard in Resources */ = {isa = PBXBuildFile; fileRef = B57C45F024EDACFA0025BF11 /* LaunchScreen.storyboard */; };
		B57C45FA24EDBC3C0025BF11 /* FormTextField.swift in Sources */ = {isa = PBXBuildFile; fileRef = B57C45F924EDBC3C0025BF11 /* FormTextField.swift */; };
		B57C45FC24EDBDBE0025BF11 /* BigButton.swift in Sources */ = {isa = PBXBuildFile; fileRef = B57C45FB24EDBDBE0025BF11 /* BigButton.swift */; };
/* End PBXBuildFile section */

/* Begin PBXContainerItemProxy section */
		B50FDCE52587CDED005351A5 /* PBXContainerItemProxy */ = {
			isa = PBXContainerItemProxy;
			containerPortal = B57C45D824EDACF80025BF11 /* Project object */;
			proxyType = 1;
			remoteGlobalIDString = B57C45DF24EDACF80025BF11;
			remoteInfo = "ExampleApp-Signup";
		};
/* End PBXContainerItemProxy section */

/* Begin PBXFileReference section */
		B50FDCE02587CDED005351A5 /* ExampleApp-SignupTests.xctest */ = {isa = PBXFileReference; explicitFileType = wrapper.cfbundle; includeInIndex = 0; path = "ExampleApp-SignupTests.xctest"; sourceTree = BUILT_PRODUCTS_DIR; };
		B50FDCE22587CDED005351A5 /* SignUpViewModelTests.swift */ = {isa = PBXFileReference; lastKnownFileType = sourcecode.swift; path = SignUpViewModelTests.swift; sourceTree = "<group>"; };
		B50FDCE42587CDED005351A5 /* Info.plist */ = {isa = PBXFileReference; lastKnownFileType = text.plist.xml; path = Info.plist; sourceTree = "<group>"; };
		B50FDCEE2587CE25005351A5 /* CombineTestCase.swift */ = {isa = PBXFileReference; lastKnownFileType = sourcecode.swift; path = CombineTestCase.swift; sourceTree = "<group>"; };
		B55D9F38253F4D2100463CEA /* SignUpViewModel.swift */ = {isa = PBXFileReference; lastKnownFileType = sourcecode.swift; path = SignUpViewModel.swift; sourceTree = "<group>"; };
		B57C45E024EDACF80025BF11 /* ExampleApp-Signup.app */ = {isa = PBXFileReference; explicitFileType = wrapper.application; includeInIndex = 0; path = "ExampleApp-Signup.app"; sourceTree = BUILT_PRODUCTS_DIR; };
		B57C45E324EDACF80025BF11 /* AppDelegate.swift */ = {isa = PBXFileReference; lastKnownFileType = sourcecode.swift; path = AppDelegate.swift; sourceTree = "<group>"; };
		B57C45E524EDACF80025BF11 /* SceneDelegate.swift */ = {isa = PBXFileReference; lastKnownFileType = sourcecode.swift; path = SceneDelegate.swift; sourceTree = "<group>"; };
		B57C45E724EDACF80025BF11 /* ViewController.swift */ = {isa = PBXFileReference; lastKnownFileType = sourcecode.swift; path = ViewController.swift; sourceTree = "<group>"; };
		B57C45EA24EDACF80025BF11 /* Base */ = {isa = PBXFileReference; lastKnownFileType = file.storyboard; name = Base; path = Base.lproj/Main.storyboard; sourceTree = "<group>"; };
		B57C45EE24EDACFA0025BF11 /* Assets.xcassets */ = {isa = PBXFileReference; lastKnownFileType = folder.assetcatalog; path = Assets.xcassets; sourceTree = "<group>"; };
		B57C45F124EDACFA0025BF11 /* Base */ = {isa = PBXFileReference; lastKnownFileType = file.storyboard; name = Base; path = Base.lproj/LaunchScreen.storyboard; sourceTree = "<group>"; };
		B57C45F324EDACFA0025BF11 /* Info.plist */ = {isa = PBXFileReference; lastKnownFileType = text.plist.xml; path = Info.plist; sourceTree = "<group>"; };
		B57C45F924EDBC3C0025BF11 /* FormTextField.swift */ = {isa = PBXFileReference; lastKnownFileType = sourcecode.swift; path = FormTextField.swift; sourceTree = "<group>"; };
		B57C45FB24EDBDBE0025BF11 /* BigButton.swift */ = {isa = PBXFileReference; lastKnownFileType = sourcecode.swift; path = BigButton.swift; sourceTree = "<group>"; };
/* End PBXFileReference section */

/* Begin PBXFrameworksBuildPhase section */
		B50FDCDD2587CDED005351A5 /* Frameworks */ = {
			isa = PBXFrameworksBuildPhase;
			buildActionMask = 2147483647;
			files = (
			);
			runOnlyForDeploymentPostprocessing = 0;
		};
		B57C45DD24EDACF80025BF11 /* Frameworks */ = {
			isa = PBXFrameworksBuildPhase;
			buildActionMask = 2147483647;
			files = (
			);
			runOnlyForDeploymentPostprocessing = 0;
		};
/* End PBXFrameworksBuildPhase section */

/* Begin PBXGroup section */
		B50FDCE12587CDED005351A5 /* ExampleApp-SignupTests */ = {
			isa = PBXGroup;
			children = (
				B50FDCEE2587CE25005351A5 /* CombineTestCase.swift */,
				B50FDCE22587CDED005351A5 /* SignUpViewModelTests.swift */,
				B50FDCE42587CDED005351A5 /* Info.plist */,
			);
			path = "ExampleApp-SignupTests";
			sourceTree = "<group>";
		};
		B57C45D724EDACF80025BF11 = {
			isa = PBXGroup;
			children = (
				B57C45E224EDACF80025BF11 /* ExampleApp-Signup */,
				B50FDCE12587CDED005351A5 /* ExampleApp-SignupTests */,
				B57C45E124EDACF80025BF11 /* Products */,
			);
			sourceTree = "<group>";
		};
		B57C45E124EDACF80025BF11 /* Products */ = {
			isa = PBXGroup;
			children = (
				B57C45E024EDACF80025BF11 /* ExampleApp-Signup.app */,
				B50FDCE02587CDED005351A5 /* ExampleApp-SignupTests.xctest */,
			);
			name = Products;
			sourceTree = "<group>";
		};
		B57C45E224EDACF80025BF11 /* ExampleApp-Signup */ = {
			isa = PBXGroup;
			children = (
				B57C45E324EDACF80025BF11 /* AppDelegate.swift */,
				B57C45E524EDACF80025BF11 /* SceneDelegate.swift */,
				B57C45E724EDACF80025BF11 /* ViewController.swift */,
				B57C45F924EDBC3C0025BF11 /* FormTextField.swift */,
				B57C45FB24EDBDBE0025BF11 /* BigButton.swift */,
				B55D9F38253F4D2100463CEA /* SignUpViewModel.swift */,
				B57C45E924EDACF80025BF11 /* Main.storyboard */,
				B57C45EE24EDACFA0025BF11 /* Assets.xcassets */,
				B57C45F024EDACFA0025BF11 /* LaunchScreen.storyboard */,
				B57C45F324EDACFA0025BF11 /* Info.plist */,
			);
			path = "ExampleApp-Signup";
			sourceTree = "<group>";
		};
/* End PBXGroup section */

/* Begin PBXNativeTarget section */
		B50FDCDF2587CDED005351A5 /* ExampleApp-SignupTests */ = {
			isa = PBXNativeTarget;
			buildConfigurationList = B50FDCE92587CDED005351A5 /* Build configuration list for PBXNativeTarget "ExampleApp-SignupTests" */;
			buildPhases = (
				B50FDCDC2587CDED005351A5 /* Sources */,
				B50FDCDD2587CDED005351A5 /* Frameworks */,
				B50FDCDE2587CDED005351A5 /* Resources */,
			);
			buildRules = (
			);
			dependencies = (
				B50FDCE62587CDED005351A5 /* PBXTargetDependency */,
			);
			name = "ExampleApp-SignupTests";
			productName = "ExampleApp-SignupTests";
			productReference = B50FDCE02587CDED005351A5 /* ExampleApp-SignupTests.xctest */;
			productType = "com.apple.product-type.bundle.unit-test";
		};
		B57C45DF24EDACF80025BF11 /* ExampleApp-Signup */ = {
			isa = PBXNativeTarget;
			buildConfigurationList = B57C45F624EDACFA0025BF11 /* Build configuration list for PBXNativeTarget "ExampleApp-Signup" */;
			buildPhases = (
				B57C45DC24EDACF80025BF11 /* Sources */,
				B57C45DD24EDACF80025BF11 /* Frameworks */,
				B57C45DE24EDACF80025BF11 /* Resources */,
			);
			buildRules = (
			);
			dependencies = (
			);
			name = "ExampleApp-Signup";
			productName = "ExampleApp-Signup";
			productReference = B57C45E024EDACF80025BF11 /* ExampleApp-Signup.app */;
			productType = "com.apple.product-type.application";
		};
/* End PBXNativeTarget section */

/* Begin PBXProject section */
		B57C45D824EDACF80025BF11 /* Project object */ = {
			isa = PBXProject;
			attributes = {
				LastSwiftUpdateCheck = 1220;
				LastUpgradeCheck = 1200;
				TargetAttributes = {
					B50FDCDF2587CDED005351A5 = {
						CreatedOnToolsVersion = 12.2;
						TestTargetID = B57C45DF24EDACF80025BF11;
					};
					B57C45DF24EDACF80025BF11 = {
						CreatedOnToolsVersion = 12.0;
					};
				};
			};
			buildConfigurationList = B57C45DB24EDACF80025BF11 /* Build configuration list for PBXProject "ExampleApp-Signup" */;
			compatibilityVersion = "Xcode 9.3";
			developmentRegion = en;
			hasScannedForEncodings = 0;
			knownRegions = (
				en,
				Base,
			);
			mainGroup = B57C45D724EDACF80025BF11;
			productRefGroup = B57C45E124EDACF80025BF11 /* Products */;
			projectDirPath = "";
			projectRoot = "";
			targets = (
				B57C45DF24EDACF80025BF11 /* ExampleApp-Signup */,
				B50FDCDF2587CDED005351A5 /* ExampleApp-SignupTests */,
			);
		};
/* End PBXProject section */

/* Begin PBXResourcesBuildPhase section */
		B50FDCDE2587CDED005351A5 /* Resources */ = {
			isa = PBXResourcesBuildPhase;
			buildActionMask = 2147483647;
			files = (
			);
			runOnlyForDeploymentPostprocessing = 0;
		};
		B57C45DE24EDACF80025BF11 /* Resources */ = {
			isa = PBXResourcesBuildPhase;
			buildActionMask = 2147483647;
			files = (
				B57C45F224EDACFA0025BF11 /* LaunchScreen.storyboard in Resources */,
				B57C45EF24EDACFA0025BF11 /* Assets.xcassets in Resources */,
				B57C45EB24EDACF80025BF11 /* Main.storyboard in Resources */,
			);
			runOnlyForDeploymentPostprocessing = 0;
		};
/* End PBXResourcesBuildPhase section */

/* Begin PBXSourcesBuildPhase section */
		B50FDCDC2587CDED005351A5 /* Sources */ = {
			isa = PBXSourcesBuildPhase;
			buildActionMask = 2147483647;
			files = (
				B50FDCE32587CDED005351A5 /* SignUpViewModelTests.swift in Sources */,
				B50FDCEF2587CE25005351A5 /* CombineTestCase.swift in Sources */,
			);
			runOnlyForDeploymentPostprocessing = 0;
		};
		B57C45DC24EDACF80025BF11 /* Sources */ = {
			isa = PBXSourcesBuildPhase;
			buildActionMask = 2147483647;
			files = (
				B57C45E824EDACF80025BF11 /* ViewController.swift in Sources */,
				B57C45E424EDACF80025BF11 /* AppDelegate.swift in Sources */,
				B57C45E624EDACF80025BF11 /* SceneDelegate.swift in Sources */,
				B57C45FC24EDBDBE0025BF11 /* BigButton.swift in Sources */,
				B55D9F39253F4D2100463CEA /* SignUpViewModel.swift in Sources */,
				B57C45FA24EDBC3C0025BF11 /* FormTextField.swift in Sources */,
			);
			runOnlyForDeploymentPostprocessing = 0;
		};
/* End PBXSourcesBuildPhase section */

/* Begin PBXTargetDependency section */
		B50FDCE62587CDED005351A5 /* PBXTargetDependency */ = {
			isa = PBXTargetDependency;
			target = B57C45DF24EDACF80025BF11 /* ExampleApp-Signup */;
			targetProxy = B50FDCE52587CDED005351A5 /* PBXContainerItemProxy */;
		};
/* End PBXTargetDependency section */

/* Begin PBXVariantGroup section */
		B57C45E924EDACF80025BF11 /* Main.storyboard */ = {
			isa = PBXVariantGroup;
			children = (
				B57C45EA24EDACF80025BF11 /* Base */,
			);
			name = Main.storyboard;
			sourceTree = "<group>";
		};
		B57C45F024EDACFA0025BF11 /* LaunchScreen.storyboard */ = {
			isa = PBXVariantGroup;
			children = (
				B57C45F124EDACFA0025BF11 /* Base */,
			);
			name = LaunchScreen.storyboard;
			sourceTree = "<group>";
		};
/* End PBXVariantGroup section */

/* Begin XCBuildConfiguration section */
		B50FDCE72587CDED005351A5 /* Debug */ = {
			isa = XCBuildConfiguration;
			buildSettings = {
				BUNDLE_LOADER = "$(TEST_HOST)";
				CODE_SIGN_STYLE = Automatic;
				DEVELOPMENT_TEAM = C2K3864N2N;
				INFOPLIST_FILE = "ExampleApp-SignupTests/Info.plist";
				IPHONEOS_DEPLOYMENT_TARGET = 14.2;
				LD_RUNPATH_SEARCH_PATHS = (
					"$(inherited)",
					"@executable_path/Frameworks",
					"@loader_path/Frameworks",
				);
				PRODUCT_BUNDLE_IDENTIFIER = "com.nsscreencast.ExampleApp-SignupTests";
				PRODUCT_NAME = "$(TARGET_NAME)";
				SWIFT_VERSION = 5.0;
				TARGETED_DEVICE_FAMILY = "1,2";
				TEST_HOST = "$(BUILT_PRODUCTS_DIR)/ExampleApp-Signup.app/ExampleApp-Signup";
			};
			name = Debug;
		};
		B50FDCE82587CDED005351A5 /* Release */ = {
			isa = XCBuildConfiguration;
			buildSettings = {
				BUNDLE_LOADER = "$(TEST_HOST)";
				CODE_SIGN_STYLE = Automatic;
				DEVELOPMENT_TEAM = C2K3864N2N;
				INFOPLIST_FILE = "ExampleApp-SignupTests/Info.plist";
				IPHONEOS_DEPLOYMENT_TARGET = 14.2;
				LD_RUNPATH_SEARCH_PATHS = (
					"$(inherited)",
					"@executable_path/Frameworks",
					"@loader_path/Frameworks",
				);
				PRODUCT_BUNDLE_IDENTIFIER = "com.nsscreencast.ExampleApp-SignupTests";
				PRODUCT_NAME = "$(TARGET_NAME)";
				SWIFT_VERSION = 5.0;
				TARGETED_DEVICE_FAMILY = "1,2";
				TEST_HOST = "$(BUILT_PRODUCTS_DIR)/ExampleApp-Signup.app/ExampleApp-Signup";
			};
			name = Release;
		};
		B57C45F424EDACFA0025BF11 /* Debug */ = {
			isa = XCBuildConfiguration;
			buildSettings = {
				ALWAYS_SEARCH_USER_PATHS = NO;
				CLANG_ANALYZER_NONNULL = YES;
				CLANG_ANALYZER_NUMBER_OBJECT_CONVERSION = YES_AGGRESSIVE;
				CLANG_CXX_LANGUAGE_STANDARD = "gnu++14";
				CLANG_CXX_LIBRARY = "libc++";
				CLANG_ENABLE_MODULES = YES;
				CLANG_ENABLE_OBJC_ARC = YES;
				CLANG_ENABLE_OBJC_WEAK = YES;
				CLANG_WARN_BLOCK_CAPTURE_AUTORELEASING = YES;
				CLANG_WARN_BOOL_CONVERSION = YES;
				CLANG_WARN_COMMA = YES;
				CLANG_WARN_CONSTANT_CONVERSION = YES;
				CLANG_WARN_DEPRECATED_OBJC_IMPLEMENTATIONS = YES;
				CLANG_WARN_DIRECT_OBJC_ISA_USAGE = YES_ERROR;
				CLANG_WARN_DOCUMENTATION_COMMENTS = YES;
				CLANG_WARN_EMPTY_BODY = YES;
				CLANG_WARN_ENUM_CONVERSION = YES;
				CLANG_WARN_INFINITE_RECURSION = YES;
				CLANG_WARN_INT_CONVERSION = YES;
				CLANG_WARN_NON_LITERAL_NULL_CONVERSION = YES;
				CLANG_WARN_OBJC_IMPLICIT_RETAIN_SELF = YES;
				CLANG_WARN_OBJC_LITERAL_CONVERSION = YES;
				CLANG_WARN_OBJC_ROOT_CLASS = YES_ERROR;
				CLANG_WARN_QUOTED_INCLUDE_IN_FRAMEWORK_HEADER = YES;
				CLANG_WARN_RANGE_LOOP_ANALYSIS = YES;
				CLANG_WARN_STRICT_PROTOTYPES = YES;
				CLANG_WARN_SUSPICIOUS_MOVE = YES;
				CLANG_WARN_UNGUARDED_AVAILABILITY = YES_AGGRESSIVE;
				CLANG_WARN_UNREACHABLE_CODE = YES;
				CLANG_WARN__DUPLICATE_METHOD_MATCH = YES;
				COPY_PHASE_STRIP = NO;
				DEBUG_INFORMATION_FORMAT = dwarf;
				ENABLE_STRICT_OBJC_MSGSEND = YES;
				ENABLE_TESTABILITY = YES;
				GCC_C_LANGUAGE_STANDARD = gnu11;
				GCC_DYNAMIC_NO_PIC = NO;
				GCC_NO_COMMON_BLOCKS = YES;
				GCC_OPTIMIZATION_LEVEL = 0;
				GCC_PREPROCESSOR_DEFINITIONS = (
					"DEBUG=1",
					"$(inherited)",
				);
				GCC_WARN_64_TO_32_BIT_CONVERSION = YES;
				GCC_WARN_ABOUT_RETURN_TYPE = YES_ERROR;
				GCC_WARN_UNDECLARED_SELECTOR = YES;
				GCC_WARN_UNINITIALIZED_AUTOS = YES_AGGRESSIVE;
				GCC_WARN_UNUSED_FUNCTION = YES;
				GCC_WARN_UNUSED_VARIABLE = YES;
				IPHONEOS_DEPLOYMENT_TARGET = 14.0;
				MTL_ENABLE_DEBUG_INFO = INCLUDE_SOURCE;
				MTL_FAST_MATH = YES;
				ONLY_ACTIVE_ARCH = YES;
				SDKROOT = iphoneos;
				SWIFT_ACTIVE_COMPILATION_CONDITIONS = DEBUG;
				SWIFT_OPTIMIZATION_LEVEL = "-Onone";
			};
			name = Debug;
		};
		B57C45F524EDACFA0025BF11 /* Release */ = {
			isa = XCBuildConfiguration;
			buildSettings = {
				ALWAYS_SEARCH_USER_PATHS = NO;
				CLANG_ANALYZER_NONNULL = YES;
				CLANG_ANALYZER_NUMBER_OBJECT_CONVERSION = YES_AGGRESSIVE;
				CLANG_CXX_LANGUAGE_STANDARD = "gnu++14";
				CLANG_CXX_LIBRARY = "libc++";
				CLANG_ENABLE_MODULES = YES;
				CLANG_ENABLE_OBJC_ARC = YES;
				CLANG_ENABLE_OBJC_WEAK = YES;
				CLANG_WARN_BLOCK_CAPTURE_AUTORELEASING = YES;
				CLANG_WARN_BOOL_CONVERSION = YES;
				CLANG_WARN_COMMA = YES;
				CLANG_WARN_CONSTANT_CONVERSION = YES;
				CLANG_WARN_DEPRECATED_OBJC_IMPLEMENTATIONS = YES;
				CLANG_WARN_DIRECT_OBJC_ISA_USAGE = YES_ERROR;
				CLANG_WARN_DOCUMENTATION_COMMENTS = YES;
				CLANG_WARN_EMPTY_BODY = YES;
				CLANG_WARN_ENUM_CONVERSION = YES;
				CLANG_WARN_INFINITE_RECURSION = YES;
				CLANG_WARN_INT_CONVERSION = YES;
				CLANG_WARN_NON_LITERAL_NULL_CONVERSION = YES;
				CLANG_WARN_OBJC_IMPLICIT_RETAIN_SELF = YES;
				CLANG_WARN_OBJC_LITERAL_CONVERSION = YES;
				CLANG_WARN_OBJC_ROOT_CLASS = YES_ERROR;
				CLANG_WARN_QUOTED_INCLUDE_IN_FRAMEWORK_HEADER = YES;
				CLANG_WARN_RANGE_LOOP_ANALYSIS = YES;
				CLANG_WARN_STRICT_PROTOTYPES = YES;
				CLANG_WARN_SUSPICIOUS_MOVE = YES;
				CLANG_WARN_UNGUARDED_AVAILABILITY = YES_AGGRESSIVE;
				CLANG_WARN_UNREACHABLE_CODE = YES;
				CLANG_WARN__DUPLICATE_METHOD_MATCH = YES;
				COPY_PHASE_STRIP = NO;
				DEBUG_INFORMATION_FORMAT = "dwarf-with-dsym";
				ENABLE_NS_ASSERTIONS = NO;
				ENABLE_STRICT_OBJC_MSGSEND = YES;
				GCC_C_LANGUAGE_STANDARD = gnu11;
				GCC_NO_COMMON_BLOCKS = YES;
				GCC_WARN_64_TO_32_BIT_CONVERSION = YES;
				GCC_WARN_ABOUT_RETURN_TYPE = YES_ERROR;
				GCC_WARN_UNDECLARED_SELECTOR = YES;
				GCC_WARN_UNINITIALIZED_AUTOS = YES_AGGRESSIVE;
				GCC_WARN_UNUSED_FUNCTION = YES;
				GCC_WARN_UNUSED_VARIABLE = YES;
				IPHONEOS_DEPLOYMENT_TARGET = 14.0;
				MTL_ENABLE_DEBUG_INFO = NO;
				MTL_FAST_MATH = YES;
				SDKROOT = iphoneos;
				SWIFT_COMPILATION_MODE = wholemodule;
				SWIFT_OPTIMIZATION_LEVEL = "-O";
				VALIDATE_PRODUCT = YES;
			};
			name = Release;
		};
		B57C45F724EDACFA0025BF11 /* Debug */ = {
			isa = XCBuildConfiguration;
			buildSettings = {
				ASSETCATALOG_COMPILER_APPICON_NAME = AppIcon;
				ASSETCATALOG_COMPILER_GLOBAL_ACCENT_COLOR_NAME = AccentColor;
				CODE_SIGN_STYLE = Automatic;
				DEVELOPMENT_TEAM = C2K3864N2N;
				INFOPLIST_FILE = "ExampleApp-Signup/Info.plist";
				LD_RUNPATH_SEARCH_PATHS = (
					"$(inherited)",
					"@executable_path/Frameworks",
				);
				PRODUCT_BUNDLE_IDENTIFIER = "com.ficklebits.ExampleApp-Signup";
				PRODUCT_NAME = "$(TARGET_NAME)";
				SWIFT_VERSION = 5.0;
				TARGETED_DEVICE_FAMILY = "1,2";
			};
			name = Debug;
		};
		B57C45F824EDACFA0025BF11 /* Release */ = {
			isa = XCBuildConfiguration;
			buildSettings = {
				ASSETCATALOG_COMPILER_APPICON_NAME = AppIcon;
				ASSETCATALOG_COMPILER_GLOBAL_ACCENT_COLOR_NAME = AccentColor;
				CODE_SIGN_STYLE = Automatic;
				DEVELOPMENT_TEAM = C2K3864N2N;
				INFOPLIST_FILE = "ExampleApp-Signup/Info.plist";
				LD_RUNPATH_SEARCH_PATHS = (
					"$(inherited)",
					"@executable_path/Frameworks",
				);
				PRODUCT_BUNDLE_IDENTIFIER = "com.ficklebits.ExampleApp-Signup";
				PRODUCT_NAME = "$(TARGET_NAME)";
				SWIFT_VERSION = 5.0;
				TARGETED_DEVICE_FAMILY = "1,2";
			};
			name = Release;
		};
/* End XCBuildConfiguration section */

/* Begin XCConfigurationList section */
		B50FDCE92587CDED005351A5 /* Build configuration list for PBXNativeTarget "ExampleApp-SignupTests" */ = {
			isa = XCConfigurationList;
			buildConfigurations = (
				B50FDCE72587CDED005351A5 /* Debug */,
				B50FDCE82587CDED005351A5 /* Release */,
			);
			defaultConfigurationIsVisible = 0;
			defaultConfigurationName = Release;
		};
		B57C45DB24EDACF80025BF11 /* Build configuration list for PBXProject "ExampleApp-Signup" */ = {
			isa = XCConfigurationList;
			buildConfigurations = (
				B57C45F424EDACFA0025BF11 /* Debug */,
				B57C45F524EDACFA0025BF11 /* Release */,
			);
			defaultConfigurationIsVisible = 0;
			defaultConfigurationName = Release;
		};
		B57C45F624EDACFA0025BF11 /* Build configuration list for PBXNativeTarget "ExampleApp-Signup" */ = {
			isa = XCConfigurationList;
			buildConfigurations = (
				B57C45F724EDACFA0025BF11 /* Debug */,
				B57C45F824EDACFA0025BF11 /* Release */,
			);
			defaultConfigurationIsVisible = 0;
			defaultConfigurationName = Release;
		};
/* End XCConfigurationList section */
	};
	rootObject = B57C45D824EDACF80025BF11 /* Project object */;
}
